
Microsoft Visual Studio Solution File, Format Version 12.00
# Visual Studio Version 17
VisualStudioVersion = 17.8.34330.188
MinimumVisualStudioVersion = 10.0.40219.1
Project("{9A19103F-16F7-4668-BE54-9A1E7A4F7556}") = "AdventOfCode4", "AdventOfCode4\AdventOfCode4.csproj", "{58A300F1-C50F-4DEF-9FB1-CF5A0C7A19FE}"
EndProject
Project("{FAE04EC0-301F-11D3-BF4B-00C04F79EFBC}") = "AdventOfCode4.Tests", "AdventOfCode4.Tests\AdventOfCode4.Tests.csproj", "{C836FA4A-BABB-4569-81BB-7AAA11C9A174}"
EndProject
Global
	GlobalSection(SolutionConfigurationPlatforms) = preSolution
		Debug|Any CPU = Debug|Any CPU
		Release|Any CPU = Release|Any CPU
	EndGlobalSection
	GlobalSection(ProjectConfigurationPlatforms) = postSolution
		{58A300F1-C50F-4DEF-9FB1-CF5A0C7A19FE}.Debug|Any CPU.ActiveCfg = Debug|Any CPU
		{58A300F1-C50F-4DEF-9FB1-CF5A0C7A19FE}.Debug|Any CPU.Build.0 = Debug|Any CPU
		{58A300F1-C50F-4DEF-9FB1-CF5A0C7A19FE}.Release|Any CPU.ActiveCfg = Release|Any CPU
		{58A300F1-C50F-4DEF-9FB1-CF5A0C7A19FE}.Release|Any CPU.Build.0 = Release|Any CPU
		{C836FA4A-BABB-4569-81BB-7AAA11C9A174}.Debug|Any CPU.ActiveCfg = Debug|Any CPU
		{C836FA4A-BABB-4569-81BB-7AAA11C9A174}.Debug|Any CPU.Build.0 = Debug|Any CPU
		{C836FA4A-BABB-4569-81BB-7AAA11C9A174}.Release|Any CPU.ActiveCfg = Release|Any CPU
		{C836FA4A-BABB-4569-81BB-7AAA11C9A174}.Release|Any CPU.Build.0 = Release|Any CPU
	EndGlobalSection
	GlobalSection(SolutionProperties) = preSolution
		HideSolutionNode = FALSE
	EndGlobalSection
	GlobalSection(ExtensibilityGlobals) = postSolution
		SolutionGuid = {3AAE0BFE-48C5-4268-B21A-48383599BA42}
	EndGlobalSection
EndGlobal
